
Microsoft Visual Studio Solution File, Format Version 12.00
# Visual Studio Version 16
VisualStudioVersion = 16.0.29215.179
MinimumVisualStudioVersion = 10.0.40219.1
Project("{8BC9CEB8-8B4A-11D0-8D11-00A0C91BC942}") = "Prison Cells After N Days 957", "Prison Cells After N Days 957\Prison Cells After N Days 957.vcxproj", "{9E39C505-55C7-469D-AC97-189EBD6259CE}"
EndProject
Global
	GlobalSection(SolutionConfigurationPlatforms) = preSolution
		Debug|x64 = Debug|x64
		Debug|x86 = Debug|x86
		Release|x64 = Release|x64
		Release|x86 = Release|x86
	EndGlobalSection
	GlobalSection(ProjectConfigurationPlatforms) = postSolution
		{9E39C505-55C7-469D-AC97-189EBD6259CE}.Debug|x64.ActiveCfg = Debug|x64
		{9E39C505-55C7-469D-AC97-189EBD6259CE}.Debug|x64.Build.0 = Debug|x64
		{9E39C505-55C7-469D-AC97-189EBD6259CE}.Debug|x86.ActiveCfg = Debug|Win32
		{9E39C505-55C7-469D-AC97-189EBD6259CE}.Debug|x86.Build.0 = Debug|Win32
		{9E39C505-55C7-469D-AC97-189EBD6259CE}.Release|x64.ActiveCfg = Release|x64
		{9E39C505-55C7-469D-AC97-189EBD6259CE}.Release|x64.Build.0 = Release|x64
		{9E39C505-55C7-469D-AC97-189EBD6259CE}.Release|x86.ActiveCfg = Release|Win32
		{9E39C505-55C7-469D-AC97-189EBD6259CE}.Release|x86.Build.0 = Release|Win32
	EndGlobalSection
	GlobalSection(SolutionProperties) = preSolution
		HideSolutionNode = FALSE
	EndGlobalSection
	GlobalSection(ExtensibilityGlobals) = postSolution
		SolutionGuid = {4D8909F3-7CC7-467A-AC92-C3D40E89D433}
	EndGlobalSection
EndGlobal
