
Microsoft Visual Studio Solution File, Format Version 12.00
# Visual Studio Version 16
VisualStudioVersion = 16.0.29215.179
MinimumVisualStudioVersion = 10.0.40219.1
Project("{8BC9CEB8-8B4A-11D0-8D11-00A0C91BC942}") = "4Sum II 454", "4Sum II 454\4Sum II 454.vcxproj", "{BEA8507A-D163-4D44-8FC5-C6F61BDC27BA}"
EndProject
Global
	GlobalSection(SolutionConfigurationPlatforms) = preSolution
		Debug|x64 = Debug|x64
		Debug|x86 = Debug|x86
		Release|x64 = Release|x64
		Release|x86 = Release|x86
	EndGlobalSection
	GlobalSection(ProjectConfigurationPlatforms) = postSolution
		{BEA8507A-D163-4D44-8FC5-C6F61BDC27BA}.Debug|x64.ActiveCfg = Debug|x64
		{BEA8507A-D163-4D44-8FC5-C6F61BDC27BA}.Debug|x64.Build.0 = Debug|x64
		{BEA8507A-D163-4D44-8FC5-C6F61BDC27BA}.Debug|x86.ActiveCfg = Debug|Win32
		{BEA8507A-D163-4D44-8FC5-C6F61BDC27BA}.Debug|x86.Build.0 = Debug|Win32
		{BEA8507A-D163-4D44-8FC5-C6F61BDC27BA}.Release|x64.ActiveCfg = Release|x64
		{BEA8507A-D163-4D44-8FC5-C6F61BDC27BA}.Release|x64.Build.0 = Release|x64
		{BEA8507A-D163-4D44-8FC5-C6F61BDC27BA}.Release|x86.ActiveCfg = Release|Win32
		{BEA8507A-D163-4D44-8FC5-C6F61BDC27BA}.Release|x86.Build.0 = Release|Win32
	EndGlobalSection
	GlobalSection(SolutionProperties) = preSolution
		HideSolutionNode = FALSE
	EndGlobalSection
	GlobalSection(ExtensibilityGlobals) = postSolution
		SolutionGuid = {CF758CD5-B4F9-4AE6-839D-66B3D5FB458F}
	EndGlobalSection
EndGlobal
