
Microsoft Visual Studio Solution File, Format Version 12.00
# Visual Studio Version 16
VisualStudioVersion = 16.0.29215.179
MinimumVisualStudioVersion = 10.0.40219.1
Project("{8BC9CEB8-8B4A-11D0-8D11-00A0C91BC942}") = "Split a String in Balanced Strings 1221", "Split a String in Balanced Strings 1221\Split a String in Balanced Strings 1221.vcxproj", "{AE64E665-97D1-457A-9B03-9F2A653C20D1}"
EndProject
Global
	GlobalSection(SolutionConfigurationPlatforms) = preSolution
		Debug|x64 = Debug|x64
		Debug|x86 = Debug|x86
		Release|x64 = Release|x64
		Release|x86 = Release|x86
	EndGlobalSection
	GlobalSection(ProjectConfigurationPlatforms) = postSolution
		{AE64E665-97D1-457A-9B03-9F2A653C20D1}.Debug|x64.ActiveCfg = Debug|x64
		{AE64E665-97D1-457A-9B03-9F2A653C20D1}.Debug|x64.Build.0 = Debug|x64
		{AE64E665-97D1-457A-9B03-9F2A653C20D1}.Debug|x86.ActiveCfg = Debug|Win32
		{AE64E665-97D1-457A-9B03-9F2A653C20D1}.Debug|x86.Build.0 = Debug|Win32
		{AE64E665-97D1-457A-9B03-9F2A653C20D1}.Release|x64.ActiveCfg = Release|x64
		{AE64E665-97D1-457A-9B03-9F2A653C20D1}.Release|x64.Build.0 = Release|x64
		{AE64E665-97D1-457A-9B03-9F2A653C20D1}.Release|x86.ActiveCfg = Release|Win32
		{AE64E665-97D1-457A-9B03-9F2A653C20D1}.Release|x86.Build.0 = Release|Win32
	EndGlobalSection
	GlobalSection(SolutionProperties) = preSolution
		HideSolutionNode = FALSE
	EndGlobalSection
	GlobalSection(ExtensibilityGlobals) = postSolution
		SolutionGuid = {40976F71-9F62-4087-83F0-0798248A8E0A}
	EndGlobalSection
EndGlobal
