
Microsoft Visual Studio Solution File, Format Version 12.00
# Visual Studio Version 16
VisualStudioVersion = 16.0.28803.352
MinimumVisualStudioVersion = 10.0.40219.1
Project("{8BC9CEB8-8B4A-11D0-8D11-00A0C91BC942}") = "Valid Parentheses 20", "Valid Parentheses 20\Valid Parentheses 20.vcxproj", "{BB53AB25-5711-4EEB-A699-344251297BBC}"
EndProject
Global
	GlobalSection(SolutionConfigurationPlatforms) = preSolution
		Debug|x64 = Debug|x64
		Debug|x86 = Debug|x86
		Release|x64 = Release|x64
		Release|x86 = Release|x86
	EndGlobalSection
	GlobalSection(ProjectConfigurationPlatforms) = postSolution
		{BB53AB25-5711-4EEB-A699-344251297BBC}.Debug|x64.ActiveCfg = Debug|x64
		{BB53AB25-5711-4EEB-A699-344251297BBC}.Debug|x64.Build.0 = Debug|x64
		{BB53AB25-5711-4EEB-A699-344251297BBC}.Debug|x86.ActiveCfg = Debug|Win32
		{BB53AB25-5711-4EEB-A699-344251297BBC}.Debug|x86.Build.0 = Debug|Win32
		{BB53AB25-5711-4EEB-A699-344251297BBC}.Release|x64.ActiveCfg = Release|x64
		{BB53AB25-5711-4EEB-A699-344251297BBC}.Release|x64.Build.0 = Release|x64
		{BB53AB25-5711-4EEB-A699-344251297BBC}.Release|x86.ActiveCfg = Release|Win32
		{BB53AB25-5711-4EEB-A699-344251297BBC}.Release|x86.Build.0 = Release|Win32
	EndGlobalSection
	GlobalSection(SolutionProperties) = preSolution
		HideSolutionNode = FALSE
	EndGlobalSection
	GlobalSection(ExtensibilityGlobals) = postSolution
		SolutionGuid = {C1441BDE-8686-4213-8442-D3272E89B8D0}
	EndGlobalSection
EndGlobal
