
Microsoft Visual Studio Solution File, Format Version 12.00
# Visual Studio Version 16
VisualStudioVersion = 16.0.30002.166
MinimumVisualStudioVersion = 10.0.40219.1
Project("{8BC9CEB8-8B4A-11D0-8D11-00A0C91BC942}") = "Ransom Note 383", "Ransom Note 383\Ransom Note 383.vcxproj", "{9B357658-97C0-4202-9436-639F8E011775}"
EndProject
Global
	GlobalSection(SolutionConfigurationPlatforms) = preSolution
		Debug|x64 = Debug|x64
		Debug|x86 = Debug|x86
		Release|x64 = Release|x64
		Release|x86 = Release|x86
	EndGlobalSection
	GlobalSection(ProjectConfigurationPlatforms) = postSolution
		{9B357658-97C0-4202-9436-639F8E011775}.Debug|x64.ActiveCfg = Debug|x64
		{9B357658-97C0-4202-9436-639F8E011775}.Debug|x64.Build.0 = Debug|x64
		{9B357658-97C0-4202-9436-639F8E011775}.Debug|x86.ActiveCfg = Debug|Win32
		{9B357658-97C0-4202-9436-639F8E011775}.Debug|x86.Build.0 = Debug|Win32
		{9B357658-97C0-4202-9436-639F8E011775}.Release|x64.ActiveCfg = Release|x64
		{9B357658-97C0-4202-9436-639F8E011775}.Release|x64.Build.0 = Release|x64
		{9B357658-97C0-4202-9436-639F8E011775}.Release|x86.ActiveCfg = Release|Win32
		{9B357658-97C0-4202-9436-639F8E011775}.Release|x86.Build.0 = Release|Win32
	EndGlobalSection
	GlobalSection(SolutionProperties) = preSolution
		HideSolutionNode = FALSE
	EndGlobalSection
	GlobalSection(ExtensibilityGlobals) = postSolution
		SolutionGuid = {CEFEC12C-1BCE-41F3-9125-24E9D18DC734}
	EndGlobalSection
EndGlobal
