
Microsoft Visual Studio Solution File, Format Version 12.00
# Visual Studio Version 16
VisualStudioVersion = 16.0.29215.179
MinimumVisualStudioVersion = 10.0.40219.1
Project("{8BC9CEB8-8B4A-11D0-8D11-00A0C91BC942}") = "Walking Robot Simulation 874", "Walking Robot Simulation 874\Walking Robot Simulation 874.vcxproj", "{49EF435F-A29B-4857-8A37-E16E4EE8ECC2}"
EndProject
Global
	GlobalSection(SolutionConfigurationPlatforms) = preSolution
		Debug|x64 = Debug|x64
		Debug|x86 = Debug|x86
		Release|x64 = Release|x64
		Release|x86 = Release|x86
	EndGlobalSection
	GlobalSection(ProjectConfigurationPlatforms) = postSolution
		{49EF435F-A29B-4857-8A37-E16E4EE8ECC2}.Debug|x64.ActiveCfg = Debug|x64
		{49EF435F-A29B-4857-8A37-E16E4EE8ECC2}.Debug|x64.Build.0 = Debug|x64
		{49EF435F-A29B-4857-8A37-E16E4EE8ECC2}.Debug|x86.ActiveCfg = Debug|Win32
		{49EF435F-A29B-4857-8A37-E16E4EE8ECC2}.Debug|x86.Build.0 = Debug|Win32
		{49EF435F-A29B-4857-8A37-E16E4EE8ECC2}.Release|x64.ActiveCfg = Release|x64
		{49EF435F-A29B-4857-8A37-E16E4EE8ECC2}.Release|x64.Build.0 = Release|x64
		{49EF435F-A29B-4857-8A37-E16E4EE8ECC2}.Release|x86.ActiveCfg = Release|Win32
		{49EF435F-A29B-4857-8A37-E16E4EE8ECC2}.Release|x86.Build.0 = Release|Win32
	EndGlobalSection
	GlobalSection(SolutionProperties) = preSolution
		HideSolutionNode = FALSE
	EndGlobalSection
	GlobalSection(ExtensibilityGlobals) = postSolution
		SolutionGuid = {987963C3-F162-4BBB-8D03-29FE82438B0E}
	EndGlobalSection
EndGlobal
