
Microsoft Visual Studio Solution File, Format Version 12.00
# Visual Studio Version 16
VisualStudioVersion = 16.0.28803.352
MinimumVisualStudioVersion = 10.0.40219.1
Project("{8BC9CEB8-8B4A-11D0-8D11-00A0C91BC942}") = "Find and Replace Pattern 890", "Find and Replace Pattern 890\Find and Replace Pattern 890.vcxproj", "{65D84688-6F3D-43C6-911F-F6B180AD3473}"
EndProject
Global
	GlobalSection(SolutionConfigurationPlatforms) = preSolution
		Debug|x64 = Debug|x64
		Debug|x86 = Debug|x86
		Release|x64 = Release|x64
		Release|x86 = Release|x86
	EndGlobalSection
	GlobalSection(ProjectConfigurationPlatforms) = postSolution
		{65D84688-6F3D-43C6-911F-F6B180AD3473}.Debug|x64.ActiveCfg = Debug|x64
		{65D84688-6F3D-43C6-911F-F6B180AD3473}.Debug|x64.Build.0 = Debug|x64
		{65D84688-6F3D-43C6-911F-F6B180AD3473}.Debug|x86.ActiveCfg = Debug|Win32
		{65D84688-6F3D-43C6-911F-F6B180AD3473}.Debug|x86.Build.0 = Debug|Win32
		{65D84688-6F3D-43C6-911F-F6B180AD3473}.Release|x64.ActiveCfg = Release|x64
		{65D84688-6F3D-43C6-911F-F6B180AD3473}.Release|x64.Build.0 = Release|x64
		{65D84688-6F3D-43C6-911F-F6B180AD3473}.Release|x86.ActiveCfg = Release|Win32
		{65D84688-6F3D-43C6-911F-F6B180AD3473}.Release|x86.Build.0 = Release|Win32
	EndGlobalSection
	GlobalSection(SolutionProperties) = preSolution
		HideSolutionNode = FALSE
	EndGlobalSection
	GlobalSection(ExtensibilityGlobals) = postSolution
		SolutionGuid = {457924EF-A1B6-4F7C-9F70-54E384B54608}
	EndGlobalSection
EndGlobal
