
Microsoft Visual Studio Solution File, Format Version 12.00
# Visual Studio Version 16
VisualStudioVersion = 16.0.29613.14
MinimumVisualStudioVersion = 10.0.40219.1
Project("{8BC9CEB8-8B4A-11D0-8D11-00A0C91BC942}") = "Convert Binary Num in a Linked List to Int 1290", "Convert Binary Num in a Linked List to Int 1290\Convert Binary Num in a Linked List to Int 1290.vcxproj", "{BD5DA9B3-056E-4588-99E2-54110283375E}"
EndProject
Global
	GlobalSection(SolutionConfigurationPlatforms) = preSolution
		Debug|x64 = Debug|x64
		Debug|x86 = Debug|x86
		Release|x64 = Release|x64
		Release|x86 = Release|x86
	EndGlobalSection
	GlobalSection(ProjectConfigurationPlatforms) = postSolution
		{BD5DA9B3-056E-4588-99E2-54110283375E}.Debug|x64.ActiveCfg = Debug|x64
		{BD5DA9B3-056E-4588-99E2-54110283375E}.Debug|x64.Build.0 = Debug|x64
		{BD5DA9B3-056E-4588-99E2-54110283375E}.Debug|x86.ActiveCfg = Debug|Win32
		{BD5DA9B3-056E-4588-99E2-54110283375E}.Debug|x86.Build.0 = Debug|Win32
		{BD5DA9B3-056E-4588-99E2-54110283375E}.Release|x64.ActiveCfg = Release|x64
		{BD5DA9B3-056E-4588-99E2-54110283375E}.Release|x64.Build.0 = Release|x64
		{BD5DA9B3-056E-4588-99E2-54110283375E}.Release|x86.ActiveCfg = Release|Win32
		{BD5DA9B3-056E-4588-99E2-54110283375E}.Release|x86.Build.0 = Release|Win32
	EndGlobalSection
	GlobalSection(SolutionProperties) = preSolution
		HideSolutionNode = FALSE
	EndGlobalSection
	GlobalSection(ExtensibilityGlobals) = postSolution
		SolutionGuid = {01A81EFB-B4D2-4FA2-967B-97B67C0A1EF6}
	EndGlobalSection
EndGlobal
