
Microsoft Visual Studio Solution File, Format Version 12.00
# Visual Studio Version 16
VisualStudioVersion = 16.0.28803.352
MinimumVisualStudioVersion = 10.0.40219.1
Project("{8BC9CEB8-8B4A-11D0-8D11-00A0C91BC942}") = "Power of Two 231", "Power of Two 231\Power of Two 231.vcxproj", "{C83D8C58-5BE2-4553-B301-57C9E52A50FD}"
EndProject
Global
	GlobalSection(SolutionConfigurationPlatforms) = preSolution
		Debug|x64 = Debug|x64
		Debug|x86 = Debug|x86
		Release|x64 = Release|x64
		Release|x86 = Release|x86
	EndGlobalSection
	GlobalSection(ProjectConfigurationPlatforms) = postSolution
		{C83D8C58-5BE2-4553-B301-57C9E52A50FD}.Debug|x64.ActiveCfg = Debug|x64
		{C83D8C58-5BE2-4553-B301-57C9E52A50FD}.Debug|x64.Build.0 = Debug|x64
		{C83D8C58-5BE2-4553-B301-57C9E52A50FD}.Debug|x86.ActiveCfg = Debug|Win32
		{C83D8C58-5BE2-4553-B301-57C9E52A50FD}.Debug|x86.Build.0 = Debug|Win32
		{C83D8C58-5BE2-4553-B301-57C9E52A50FD}.Release|x64.ActiveCfg = Release|x64
		{C83D8C58-5BE2-4553-B301-57C9E52A50FD}.Release|x64.Build.0 = Release|x64
		{C83D8C58-5BE2-4553-B301-57C9E52A50FD}.Release|x86.ActiveCfg = Release|Win32
		{C83D8C58-5BE2-4553-B301-57C9E52A50FD}.Release|x86.Build.0 = Release|Win32
	EndGlobalSection
	GlobalSection(SolutionProperties) = preSolution
		HideSolutionNode = FALSE
	EndGlobalSection
	GlobalSection(ExtensibilityGlobals) = postSolution
		SolutionGuid = {E35F0D3E-B4C0-4FE2-8174-3ADA6E0C9EA8}
	EndGlobalSection
EndGlobal
